
Microsoft Visual Studio Solution File, Format Version 12.00
# Visual Studio Version 17
VisualStudioVersion = 17.4.33213.308
MinimumVisualStudioVersion = 10.0.40219.1
Project("{8BC9CEB8-8B4A-11D0-8D11-00A0C91BC942}") = "Project1", "Project1\Project1.vcxproj", "{0CA964EB-DBEB-4A5A-B8E3-87650FC6F6BF}"
EndProject
Project("{8BC9CEB8-8B4A-11D0-8D11-00A0C91BC942}") = "Project2", "Project2\Project2.vcxproj", "{219E369A-A47A-46C2-BCEF-539C931E9D2C}"
EndProject
Project("{8BC9CEB8-8B4A-11D0-8D11-00A0C91BC942}") = "IfElseConditions", "IfElseConditions\IfElseConditions.vcxproj", "{195B3652-0118-491D-B3BE-A7DF9EC3C5E5}"
EndProject
Project("{8BC9CEB8-8B4A-11D0-8D11-00A0C91BC942}") = "CalculatesWeeklyPay", "CalculatesWeeklyPay\CalculatesWeeklyPay.vcxproj", "{079386F7-DA0A-4CE1-8C5D-168B5C048DC2}"
EndProject
Project("{8BC9CEB8-8B4A-11D0-8D11-00A0C91BC942}") = "ForLoop", "ForLoop\ForLoop.vcxproj", "{2071C09D-6FC5-4C7A-9041-7C4F034B5CDB}"
EndProject
Project("{8BC9CEB8-8B4A-11D0-8D11-00A0C91BC942}") = "PointerBasics", "PonterBasics\PonterBasics.vcxproj", "{A9A006D7-2974-4B2E-916C-4F81A2FBF804}"
EndProject
Global
	GlobalSection(SolutionConfigurationPlatforms) = preSolution
		Debug|x64 = Debug|x64
		Debug|x86 = Debug|x86
		Release|x64 = Release|x64
		Release|x86 = Release|x86
	EndGlobalSection
	GlobalSection(ProjectConfigurationPlatforms) = postSolution
		{0CA964EB-DBEB-4A5A-B8E3-87650FC6F6BF}.Debug|x64.ActiveCfg = Debug|x64
		{0CA964EB-DBEB-4A5A-B8E3-87650FC6F6BF}.Debug|x64.Build.0 = Debug|x64
		{0CA964EB-DBEB-4A5A-B8E3-87650FC6F6BF}.Debug|x86.ActiveCfg = Debug|Win32
		{0CA964EB-DBEB-4A5A-B8E3-87650FC6F6BF}.Debug|x86.Build.0 = Debug|Win32
		{0CA964EB-DBEB-4A5A-B8E3-87650FC6F6BF}.Release|x64.ActiveCfg = Release|x64
		{0CA964EB-DBEB-4A5A-B8E3-87650FC6F6BF}.Release|x64.Build.0 = Release|x64
		{0CA964EB-DBEB-4A5A-B8E3-87650FC6F6BF}.Release|x86.ActiveCfg = Release|Win32
		{0CA964EB-DBEB-4A5A-B8E3-87650FC6F6BF}.Release|x86.Build.0 = Release|Win32
		{219E369A-A47A-46C2-BCEF-539C931E9D2C}.Debug|x64.ActiveCfg = Debug|x64
		{219E369A-A47A-46C2-BCEF-539C931E9D2C}.Debug|x64.Build.0 = Debug|x64
		{219E369A-A47A-46C2-BCEF-539C931E9D2C}.Debug|x86.ActiveCfg = Debug|Win32
		{219E369A-A47A-46C2-BCEF-539C931E9D2C}.Debug|x86.Build.0 = Debug|Win32
		{219E369A-A47A-46C2-BCEF-539C931E9D2C}.Release|x64.ActiveCfg = Release|x64
		{219E369A-A47A-46C2-BCEF-539C931E9D2C}.Release|x64.Build.0 = Release|x64
		{219E369A-A47A-46C2-BCEF-539C931E9D2C}.Release|x86.ActiveCfg = Release|Win32
		{219E369A-A47A-46C2-BCEF-539C931E9D2C}.Release|x86.Build.0 = Release|Win32
		{195B3652-0118-491D-B3BE-A7DF9EC3C5E5}.Debug|x64.ActiveCfg = Debug|x64
		{195B3652-0118-491D-B3BE-A7DF9EC3C5E5}.Debug|x64.Build.0 = Debug|x64
		{195B3652-0118-491D-B3BE-A7DF9EC3C5E5}.Debug|x86.ActiveCfg = Debug|Win32
		{195B3652-0118-491D-B3BE-A7DF9EC3C5E5}.Debug|x86.Build.0 = Debug|Win32
		{195B3652-0118-491D-B3BE-A7DF9EC3C5E5}.Release|x64.ActiveCfg = Release|x64
		{195B3652-0118-491D-B3BE-A7DF9EC3C5E5}.Release|x64.Build.0 = Release|x64
		{195B3652-0118-491D-B3BE-A7DF9EC3C5E5}.Release|x86.ActiveCfg = Release|Win32
		{195B3652-0118-491D-B3BE-A7DF9EC3C5E5}.Release|x86.Build.0 = Release|Win32
		{079386F7-DA0A-4CE1-8C5D-168B5C048DC2}.Debug|x64.ActiveCfg = Debug|x64
		{079386F7-DA0A-4CE1-8C5D-168B5C048DC2}.Debug|x64.Build.0 = Debug|x64
		{079386F7-DA0A-4CE1-8C5D-168B5C048DC2}.Debug|x86.ActiveCfg = Debug|Win32
		{079386F7-DA0A-4CE1-8C5D-168B5C048DC2}.Debug|x86.Build.0 = Debug|Win32
		{079386F7-DA0A-4CE1-8C5D-168B5C048DC2}.Release|x64.ActiveCfg = Release|x64
		{079386F7-DA0A-4CE1-8C5D-168B5C048DC2}.Release|x64.Build.0 = Release|x64
		{079386F7-DA0A-4CE1-8C5D-168B5C048DC2}.Release|x86.ActiveCfg = Release|Win32
		{079386F7-DA0A-4CE1-8C5D-168B5C048DC2}.Release|x86.Build.0 = Release|Win32
		{2071C09D-6FC5-4C7A-9041-7C4F034B5CDB}.Debug|x64.ActiveCfg = Debug|x64
		{2071C09D-6FC5-4C7A-9041-7C4F034B5CDB}.Debug|x64.Build.0 = Debug|x64
		{2071C09D-6FC5-4C7A-9041-7C4F034B5CDB}.Debug|x86.ActiveCfg = Debug|Win32
		{2071C09D-6FC5-4C7A-9041-7C4F034B5CDB}.Debug|x86.Build.0 = Debug|Win32
		{2071C09D-6FC5-4C7A-9041-7C4F034B5CDB}.Release|x64.ActiveCfg = Release|x64
		{2071C09D-6FC5-4C7A-9041-7C4F034B5CDB}.Release|x64.Build.0 = Release|x64
		{2071C09D-6FC5-4C7A-9041-7C4F034B5CDB}.Release|x86.ActiveCfg = Release|Win32
		{2071C09D-6FC5-4C7A-9041-7C4F034B5CDB}.Release|x86.Build.0 = Release|Win32
		{A9A006D7-2974-4B2E-916C-4F81A2FBF804}.Debug|x64.ActiveCfg = Debug|x64
		{A9A006D7-2974-4B2E-916C-4F81A2FBF804}.Debug|x64.Build.0 = Debug|x64
		{A9A006D7-2974-4B2E-916C-4F81A2FBF804}.Debug|x86.ActiveCfg = Debug|Win32
		{A9A006D7-2974-4B2E-916C-4F81A2FBF804}.Debug|x86.Build.0 = Debug|Win32
		{A9A006D7-2974-4B2E-916C-4F81A2FBF804}.Release|x64.ActiveCfg = Release|x64
		{A9A006D7-2974-4B2E-916C-4F81A2FBF804}.Release|x64.Build.0 = Release|x64
		{A9A006D7-2974-4B2E-916C-4F81A2FBF804}.Release|x86.ActiveCfg = Release|Win32
		{A9A006D7-2974-4B2E-916C-4F81A2FBF804}.Release|x86.Build.0 = Release|Win32
	EndGlobalSection
	GlobalSection(SolutionProperties) = preSolution
		HideSolutionNode = FALSE
	EndGlobalSection
	GlobalSection(ExtensibilityGlobals) = postSolution
		SolutionGuid = {42870DCB-B7A2-4C3D-89EB-969C116F8DED}
	EndGlobalSection
EndGlobal
